
Microsoft Visual Studio Solution File, Format Version 12.00
# Visual Studio Version 16
VisualStudioVersion = 16.0.30413.136
MinimumVisualStudioVersion = 10.0.40219.1
Project("{FAE04EC0-301F-11D3-BF4B-00C04F79EFBC}") = "DVGB07_LABB2_1", "DVGB07_LABB2_1.csproj", "{4C675521-E903-4386-9C54-7D40665E8FB8}"
EndProject
Global
	GlobalSection(SolutionConfigurationPlatforms) = preSolution
		Debug|Any CPU = Debug|Any CPU
		Release|Any CPU = Release|Any CPU
	EndGlobalSection
	GlobalSection(ProjectConfigurationPlatforms) = postSolution
		{4C675521-E903-4386-9C54-7D40665E8FB8}.Debug|Any CPU.ActiveCfg = Debug|Any CPU
		{4C675521-E903-4386-9C54-7D40665E8FB8}.Debug|Any CPU.Build.0 = Debug|Any CPU
		{4C675521-E903-4386-9C54-7D40665E8FB8}.Release|Any CPU.ActiveCfg = Release|Any CPU
		{4C675521-E903-4386-9C54-7D40665E8FB8}.Release|Any CPU.Build.0 = Release|Any CPU
	EndGlobalSection
	GlobalSection(SolutionProperties) = preSolution
		HideSolutionNode = FALSE
	EndGlobalSection
	GlobalSection(ExtensibilityGlobals) = postSolution
		SolutionGuid = {FEA5F4D7-BEDF-490A-81BA-781213FBB658}
	EndGlobalSection
EndGlobal
